
Microsoft Visual Studio Solution File, Format Version 12.00
# Visual Studio Version 16
VisualStudioVersion = 16.0.28803.202
MinimumVisualStudioVersion = 10.0.40219.1
Project("{FAE04EC0-301F-11D3-BF4B-00C04F79EFBC}") = "7.1. DATE EXISTANCE", "7.1. DATE EXISTANCE\7.1. DATE EXISTANCE.csproj", "{7A6939CE-2BB9-4690-B563-12AE9FFF806C}"
EndProject
Project("{FAE04EC0-301F-11D3-BF4B-00C04F79EFBC}") = "7.2. HTML REPLACER", "7.2. HTML REPLACER\7.2. HTML REPLACER.csproj", "{447990BA-A2EC-4AB4-A5B4-E2B514A2F1C4}"
EndProject
Global
	GlobalSection(SolutionConfigurationPlatforms) = preSolution
		Debug|Any CPU = Debug|Any CPU
		Release|Any CPU = Release|Any CPU
	EndGlobalSection
	GlobalSection(ProjectConfigurationPlatforms) = postSolution
		{7A6939CE-2BB9-4690-B563-12AE9FFF806C}.Debug|Any CPU.ActiveCfg = Debug|Any CPU
		{7A6939CE-2BB9-4690-B563-12AE9FFF806C}.Debug|Any CPU.Build.0 = Debug|Any CPU
		{7A6939CE-2BB9-4690-B563-12AE9FFF806C}.Release|Any CPU.ActiveCfg = Release|Any CPU
		{7A6939CE-2BB9-4690-B563-12AE9FFF806C}.Release|Any CPU.Build.0 = Release|Any CPU
		{447990BA-A2EC-4AB4-A5B4-E2B514A2F1C4}.Debug|Any CPU.ActiveCfg = Debug|Any CPU
		{447990BA-A2EC-4AB4-A5B4-E2B514A2F1C4}.Debug|Any CPU.Build.0 = Debug|Any CPU
		{447990BA-A2EC-4AB4-A5B4-E2B514A2F1C4}.Release|Any CPU.ActiveCfg = Release|Any CPU
		{447990BA-A2EC-4AB4-A5B4-E2B514A2F1C4}.Release|Any CPU.Build.0 = Release|Any CPU
	EndGlobalSection
	GlobalSection(SolutionProperties) = preSolution
		HideSolutionNode = FALSE
	EndGlobalSection
	GlobalSection(ExtensibilityGlobals) = postSolution
		SolutionGuid = {78247630-E00B-41C5-A9DA-E0168C2F3A93}
	EndGlobalSection
EndGlobal
