
Microsoft Visual Studio Solution File, Format Version 12.00
# Visual Studio Version 16
VisualStudioVersion = 16.0.28803.202
MinimumVisualStudioVersion = 10.0.40219.1
Project("{FAE04EC0-301F-11D3-BF4B-00C04F79EFBC}") = "_3_Layer_Arch.ConsolePL", "_3_Layer_Arch.ConsolePL\_3_Layer_Arch.ConsolePL.csproj", "{91872320-114B-4198-87E9-D2FFABE07CF1}"
EndProject
Project("{2150E333-8FDC-42A3-9474-1A3956D46DE8}") = "PL", "PL", "{9C9C4B8B-D2A1-41BC-81C8-541F5A57BF3C}"
EndProject
Project("{FAE04EC0-301F-11D3-BF4B-00C04F79EFBC}") = "_3_Layer_Arch.PL.Interfaces", "_3_Layer_Arch.PL.Interfaces\_3_Layer_Arch.PL.Interfaces.csproj", "{38969FB2-7AE4-4F7E-962C-7C6748852FD4}"
EndProject
Project("{2150E333-8FDC-42A3-9474-1A3956D46DE8}") = "BLL", "BLL", "{2A5736E3-E860-438B-9792-64ED69550C2D}"
EndProject
Project("{FAE04EC0-301F-11D3-BF4B-00C04F79EFBC}") = "_3_Layer_Arch.BLL", "_3_Layer_Arch.BLL\_3_Layer_Arch.BLL.csproj", "{D5A093D7-6F94-46FD-A5F3-2F5BB9FDB20B}"
EndProject
Project("{FAE04EC0-301F-11D3-BF4B-00C04F79EFBC}") = "_3_Layer_Arch.BLL.Interfaces", "_3_Layer_Arch.BLL.Interfaces\_3_Layer_Arch.BLL.Interfaces.csproj", "{0E944CB1-5E37-4350-A80C-EB8114E77D54}"
EndProject
Project("{2150E333-8FDC-42A3-9474-1A3956D46DE8}") = "DAL", "DAL", "{A6DC678B-C36C-4E3D-99D6-203298B9D6AD}"
EndProject
Project("{FAE04EC0-301F-11D3-BF4B-00C04F79EFBC}") = "_3_Layer_Arch.FileDAL", "_3_Layer_Arch.DAL\_3_Layer_Arch.FileDAL.csproj", "{B234BE3A-9414-4AA7-B66C-89D23C8303F8}"
EndProject
Project("{FAE04EC0-301F-11D3-BF4B-00C04F79EFBC}") = "_3_Layer_Arch.DAL.Interfaces", "_3_Layer_Arch.DAL.Interfaces\_3_Layer_Arch.DAL.Interfaces.csproj", "{70BECB98-1C8E-47C4-B802-9026415E7721}"
EndProject
Project("{2150E333-8FDC-42A3-9474-1A3956D46DE8}") = "Common", "Common", "{2D34DB09-31AA-4BB5-BA3E-33DFE63C6AFD}"
EndProject
Project("{FAE04EC0-301F-11D3-BF4B-00C04F79EFBC}") = "_3_Layer_Arch.Entities", "_3_Layer_Arch.Entities\_3_Layer_Arch.Entities.csproj", "{DD8AB9A7-876C-4DD4-909E-E3C72B83B8FD}"
EndProject
Project("{FAE04EC0-301F-11D3-BF4B-00C04F79EFBC}") = "_3_Layer_Arch.Common", "_3_Layer_Arch.Common\_3_Layer_Arch.Common.csproj", "{371F5D86-5AFC-48C0-9386-5CC66DED0A4C}"
EndProject
Project("{FAE04EC0-301F-11D3-BF4B-00C04F79EFBC}") = "_3_Layer_Arch.WebPL", "_3_Layer_Arch.WebPL\_3_Layer_Arch.WebPL.csproj", "{300B6C7E-956A-40F4-90FC-A6ACC2820AED}"
EndProject
Project("{FAE04EC0-301F-11D3-BF4B-00C04F79EFBC}") = "_3_Layer_Arch.DBDAL", "_3_Layer_Arch.DBDAL\_3_Layer_Arch.DBDAL.csproj", "{1130C0A4-5665-4343-88CC-CAEED49B6E56}"
EndProject
Global
	GlobalSection(SolutionConfigurationPlatforms) = preSolution
		Debug|Any CPU = Debug|Any CPU
		Release|Any CPU = Release|Any CPU
	EndGlobalSection
	GlobalSection(ProjectConfigurationPlatforms) = postSolution
		{91872320-114B-4198-87E9-D2FFABE07CF1}.Debug|Any CPU.ActiveCfg = Debug|Any CPU
		{91872320-114B-4198-87E9-D2FFABE07CF1}.Debug|Any CPU.Build.0 = Debug|Any CPU
		{91872320-114B-4198-87E9-D2FFABE07CF1}.Release|Any CPU.ActiveCfg = Release|Any CPU
		{91872320-114B-4198-87E9-D2FFABE07CF1}.Release|Any CPU.Build.0 = Release|Any CPU
		{38969FB2-7AE4-4F7E-962C-7C6748852FD4}.Debug|Any CPU.ActiveCfg = Debug|Any CPU
		{38969FB2-7AE4-4F7E-962C-7C6748852FD4}.Debug|Any CPU.Build.0 = Debug|Any CPU
		{38969FB2-7AE4-4F7E-962C-7C6748852FD4}.Release|Any CPU.ActiveCfg = Release|Any CPU
		{38969FB2-7AE4-4F7E-962C-7C6748852FD4}.Release|Any CPU.Build.0 = Release|Any CPU
		{D5A093D7-6F94-46FD-A5F3-2F5BB9FDB20B}.Debug|Any CPU.ActiveCfg = Debug|Any CPU
		{D5A093D7-6F94-46FD-A5F3-2F5BB9FDB20B}.Debug|Any CPU.Build.0 = Debug|Any CPU
		{D5A093D7-6F94-46FD-A5F3-2F5BB9FDB20B}.Release|Any CPU.ActiveCfg = Release|Any CPU
		{D5A093D7-6F94-46FD-A5F3-2F5BB9FDB20B}.Release|Any CPU.Build.0 = Release|Any CPU
		{0E944CB1-5E37-4350-A80C-EB8114E77D54}.Debug|Any CPU.ActiveCfg = Debug|Any CPU
		{0E944CB1-5E37-4350-A80C-EB8114E77D54}.Debug|Any CPU.Build.0 = Debug|Any CPU
		{0E944CB1-5E37-4350-A80C-EB8114E77D54}.Release|Any CPU.ActiveCfg = Release|Any CPU
		{0E944CB1-5E37-4350-A80C-EB8114E77D54}.Release|Any CPU.Build.0 = Release|Any CPU
		{B234BE3A-9414-4AA7-B66C-89D23C8303F8}.Debug|Any CPU.ActiveCfg = Debug|Any CPU
		{B234BE3A-9414-4AA7-B66C-89D23C8303F8}.Debug|Any CPU.Build.0 = Debug|Any CPU
		{B234BE3A-9414-4AA7-B66C-89D23C8303F8}.Release|Any CPU.ActiveCfg = Release|Any CPU
		{B234BE3A-9414-4AA7-B66C-89D23C8303F8}.Release|Any CPU.Build.0 = Release|Any CPU
		{70BECB98-1C8E-47C4-B802-9026415E7721}.Debug|Any CPU.ActiveCfg = Debug|Any CPU
		{70BECB98-1C8E-47C4-B802-9026415E7721}.Debug|Any CPU.Build.0 = Debug|Any CPU
		{70BECB98-1C8E-47C4-B802-9026415E7721}.Release|Any CPU.ActiveCfg = Release|Any CPU
		{70BECB98-1C8E-47C4-B802-9026415E7721}.Release|Any CPU.Build.0 = Release|Any CPU
		{DD8AB9A7-876C-4DD4-909E-E3C72B83B8FD}.Debug|Any CPU.ActiveCfg = Debug|Any CPU
		{DD8AB9A7-876C-4DD4-909E-E3C72B83B8FD}.Debug|Any CPU.Build.0 = Debug|Any CPU
		{DD8AB9A7-876C-4DD4-909E-E3C72B83B8FD}.Release|Any CPU.ActiveCfg = Release|Any CPU
		{DD8AB9A7-876C-4DD4-909E-E3C72B83B8FD}.Release|Any CPU.Build.0 = Release|Any CPU
		{371F5D86-5AFC-48C0-9386-5CC66DED0A4C}.Debug|Any CPU.ActiveCfg = Debug|Any CPU
		{371F5D86-5AFC-48C0-9386-5CC66DED0A4C}.Debug|Any CPU.Build.0 = Debug|Any CPU
		{371F5D86-5AFC-48C0-9386-5CC66DED0A4C}.Release|Any CPU.ActiveCfg = Release|Any CPU
		{371F5D86-5AFC-48C0-9386-5CC66DED0A4C}.Release|Any CPU.Build.0 = Release|Any CPU
		{300B6C7E-956A-40F4-90FC-A6ACC2820AED}.Debug|Any CPU.ActiveCfg = Debug|Any CPU
		{300B6C7E-956A-40F4-90FC-A6ACC2820AED}.Debug|Any CPU.Build.0 = Debug|Any CPU
		{300B6C7E-956A-40F4-90FC-A6ACC2820AED}.Release|Any CPU.ActiveCfg = Release|Any CPU
		{300B6C7E-956A-40F4-90FC-A6ACC2820AED}.Release|Any CPU.Build.0 = Release|Any CPU
		{1130C0A4-5665-4343-88CC-CAEED49B6E56}.Debug|Any CPU.ActiveCfg = Debug|Any CPU
		{1130C0A4-5665-4343-88CC-CAEED49B6E56}.Debug|Any CPU.Build.0 = Debug|Any CPU
		{1130C0A4-5665-4343-88CC-CAEED49B6E56}.Release|Any CPU.ActiveCfg = Release|Any CPU
		{1130C0A4-5665-4343-88CC-CAEED49B6E56}.Release|Any CPU.Build.0 = Release|Any CPU
	EndGlobalSection
	GlobalSection(SolutionProperties) = preSolution
		HideSolutionNode = FALSE
	EndGlobalSection
	GlobalSection(NestedProjects) = preSolution
		{91872320-114B-4198-87E9-D2FFABE07CF1} = {9C9C4B8B-D2A1-41BC-81C8-541F5A57BF3C}
		{38969FB2-7AE4-4F7E-962C-7C6748852FD4} = {9C9C4B8B-D2A1-41BC-81C8-541F5A57BF3C}
		{D5A093D7-6F94-46FD-A5F3-2F5BB9FDB20B} = {2A5736E3-E860-438B-9792-64ED69550C2D}
		{0E944CB1-5E37-4350-A80C-EB8114E77D54} = {2A5736E3-E860-438B-9792-64ED69550C2D}
		{B234BE3A-9414-4AA7-B66C-89D23C8303F8} = {A6DC678B-C36C-4E3D-99D6-203298B9D6AD}
		{70BECB98-1C8E-47C4-B802-9026415E7721} = {A6DC678B-C36C-4E3D-99D6-203298B9D6AD}
		{DD8AB9A7-876C-4DD4-909E-E3C72B83B8FD} = {2D34DB09-31AA-4BB5-BA3E-33DFE63C6AFD}
		{371F5D86-5AFC-48C0-9386-5CC66DED0A4C} = {2D34DB09-31AA-4BB5-BA3E-33DFE63C6AFD}
		{300B6C7E-956A-40F4-90FC-A6ACC2820AED} = {9C9C4B8B-D2A1-41BC-81C8-541F5A57BF3C}
		{1130C0A4-5665-4343-88CC-CAEED49B6E56} = {A6DC678B-C36C-4E3D-99D6-203298B9D6AD}
	EndGlobalSection
	GlobalSection(ExtensibilityGlobals) = postSolution
		SolutionGuid = {50871543-817C-441B-829C-D469313A26C5}
	EndGlobalSection
EndGlobal
