
Microsoft Visual Studio Solution File, Format Version 12.00
# Visual Studio Version 16
VisualStudioVersion = 16.0.28803.202
MinimumVisualStudioVersion = 10.0.40219.1
Project("{FAE04EC0-301F-11D3-BF4B-00C04F79EFBC}") = "1.9. NON-NEGATIVE SUM", "1.9. NON-NEGATIVE SUM\1.9. NON-NEGATIVE SUM.csproj", "{9126EF46-B864-48DA-A114-B40076998C76}"
EndProject
Global
	GlobalSection(SolutionConfigurationPlatforms) = preSolution
		Debug|Any CPU = Debug|Any CPU
		Release|Any CPU = Release|Any CPU
	EndGlobalSection
	GlobalSection(ProjectConfigurationPlatforms) = postSolution
		{9126EF46-B864-48DA-A114-B40076998C76}.Debug|Any CPU.ActiveCfg = Debug|Any CPU
		{9126EF46-B864-48DA-A114-B40076998C76}.Debug|Any CPU.Build.0 = Debug|Any CPU
		{9126EF46-B864-48DA-A114-B40076998C76}.Release|Any CPU.ActiveCfg = Release|Any CPU
		{9126EF46-B864-48DA-A114-B40076998C76}.Release|Any CPU.Build.0 = Release|Any CPU
	EndGlobalSection
	GlobalSection(SolutionProperties) = preSolution
		HideSolutionNode = FALSE
	EndGlobalSection
	GlobalSection(ExtensibilityGlobals) = postSolution
		SolutionGuid = {4BD3274C-5BD4-4A26-8884-E02118A95BE4}
	EndGlobalSection
EndGlobal
