
Microsoft Visual Studio Solution File, Format Version 12.00
# Visual Studio Version 16
VisualStudioVersion = 16.0.28803.202
MinimumVisualStudioVersion = 10.0.40219.1
Project("{9A19103F-16F7-4668-BE54-9A1E7A4F7556}") = "BLL", "BLL\BLL.csproj", "{CE46D48A-7123-46B1-B401-38E1ACCF6CB9}"
EndProject
Project("{9A19103F-16F7-4668-BE54-9A1E7A4F7556}") = "DAL", "DAL\DAL.csproj", "{72CD238B-7DB9-410A-B1C5-250650529F2D}"
EndProject
Project("{9A19103F-16F7-4668-BE54-9A1E7A4F7556}") = "Entities", "Entities\Entities.csproj", "{27A81537-E6CC-4C19-BFA0-0605E7D96A8E}"
EndProject
Project("{9A19103F-16F7-4668-BE54-9A1E7A4F7556}") = "Common", "Common\Common.csproj", "{C1B1430A-BB44-4977-BEF9-6B53D2DBDB5D}"
EndProject
Project("{9A19103F-16F7-4668-BE54-9A1E7A4F7556}") = "ConsolePL", "PL\ConsolePL.csproj", "{A17EC7AD-5BF2-4B30-8CA1-2A5A1FC77A41}"
EndProject
Project("{FAE04EC0-301F-11D3-BF4B-00C04F79EFBC}") = "WebUI", "WebUI\WebUI.csproj", "{040A9A8F-8145-494F-B3E4-29FA94D3F133}"
	ProjectSection(ProjectDependencies) = postProject
		{A17EC7AD-5BF2-4B30-8CA1-2A5A1FC77A41} = {A17EC7AD-5BF2-4B30-8CA1-2A5A1FC77A41}
	EndProjectSection
EndProject
Project("{2150E333-8FDC-42A3-9474-1A3956D46DE8}") = "PL", "PL", "{CD65DF62-B56C-42C1-8F02-D79DA2DC0960}"
EndProject
Project("{2150E333-8FDC-42A3-9474-1A3956D46DE8}") = "DAL", "DAL", "{5EAE8C66-72A9-4483-A308-94E009630F26}"
EndProject
Project("{2150E333-8FDC-42A3-9474-1A3956D46DE8}") = "BLL", "BLL", "{576ECBE0-1466-4AE5-8944-169520E0302E}"
EndProject
Project("{2150E333-8FDC-42A3-9474-1A3956D46DE8}") = "Common", "Common", "{39DBA25C-B698-409C-B66D-711E9866954B}"
EndProject
Project("{2150E333-8FDC-42A3-9474-1A3956D46DE8}") = "Entities", "Entities", "{53A6419E-6DFA-4BAD-92BF-3AF7E2511369}"
EndProject
Global
	GlobalSection(SolutionConfigurationPlatforms) = preSolution
		Debug|Any CPU = Debug|Any CPU
		Release|Any CPU = Release|Any CPU
	EndGlobalSection
	GlobalSection(ProjectConfigurationPlatforms) = postSolution
		{CE46D48A-7123-46B1-B401-38E1ACCF6CB9}.Debug|Any CPU.ActiveCfg = Debug|Any CPU
		{CE46D48A-7123-46B1-B401-38E1ACCF6CB9}.Debug|Any CPU.Build.0 = Debug|Any CPU
		{CE46D48A-7123-46B1-B401-38E1ACCF6CB9}.Release|Any CPU.ActiveCfg = Release|Any CPU
		{CE46D48A-7123-46B1-B401-38E1ACCF6CB9}.Release|Any CPU.Build.0 = Release|Any CPU
		{72CD238B-7DB9-410A-B1C5-250650529F2D}.Debug|Any CPU.ActiveCfg = Debug|Any CPU
		{72CD238B-7DB9-410A-B1C5-250650529F2D}.Debug|Any CPU.Build.0 = Debug|Any CPU
		{72CD238B-7DB9-410A-B1C5-250650529F2D}.Release|Any CPU.ActiveCfg = Release|Any CPU
		{72CD238B-7DB9-410A-B1C5-250650529F2D}.Release|Any CPU.Build.0 = Release|Any CPU
		{27A81537-E6CC-4C19-BFA0-0605E7D96A8E}.Debug|Any CPU.ActiveCfg = Debug|Any CPU
		{27A81537-E6CC-4C19-BFA0-0605E7D96A8E}.Debug|Any CPU.Build.0 = Debug|Any CPU
		{27A81537-E6CC-4C19-BFA0-0605E7D96A8E}.Release|Any CPU.ActiveCfg = Release|Any CPU
		{27A81537-E6CC-4C19-BFA0-0605E7D96A8E}.Release|Any CPU.Build.0 = Release|Any CPU
		{C1B1430A-BB44-4977-BEF9-6B53D2DBDB5D}.Debug|Any CPU.ActiveCfg = Debug|Any CPU
		{C1B1430A-BB44-4977-BEF9-6B53D2DBDB5D}.Debug|Any CPU.Build.0 = Debug|Any CPU
		{C1B1430A-BB44-4977-BEF9-6B53D2DBDB5D}.Release|Any CPU.ActiveCfg = Release|Any CPU
		{C1B1430A-BB44-4977-BEF9-6B53D2DBDB5D}.Release|Any CPU.Build.0 = Release|Any CPU
		{A17EC7AD-5BF2-4B30-8CA1-2A5A1FC77A41}.Debug|Any CPU.ActiveCfg = Debug|Any CPU
		{A17EC7AD-5BF2-4B30-8CA1-2A5A1FC77A41}.Debug|Any CPU.Build.0 = Debug|Any CPU
		{A17EC7AD-5BF2-4B30-8CA1-2A5A1FC77A41}.Release|Any CPU.ActiveCfg = Release|Any CPU
		{A17EC7AD-5BF2-4B30-8CA1-2A5A1FC77A41}.Release|Any CPU.Build.0 = Release|Any CPU
		{040A9A8F-8145-494F-B3E4-29FA94D3F133}.Debug|Any CPU.ActiveCfg = Debug|Any CPU
		{040A9A8F-8145-494F-B3E4-29FA94D3F133}.Debug|Any CPU.Build.0 = Debug|Any CPU
		{040A9A8F-8145-494F-B3E4-29FA94D3F133}.Release|Any CPU.ActiveCfg = Release|Any CPU
		{040A9A8F-8145-494F-B3E4-29FA94D3F133}.Release|Any CPU.Build.0 = Release|Any CPU
	EndGlobalSection
	GlobalSection(SolutionProperties) = preSolution
		HideSolutionNode = FALSE
	EndGlobalSection
	GlobalSection(NestedProjects) = preSolution
		{CE46D48A-7123-46B1-B401-38E1ACCF6CB9} = {576ECBE0-1466-4AE5-8944-169520E0302E}
		{72CD238B-7DB9-410A-B1C5-250650529F2D} = {5EAE8C66-72A9-4483-A308-94E009630F26}
		{27A81537-E6CC-4C19-BFA0-0605E7D96A8E} = {53A6419E-6DFA-4BAD-92BF-3AF7E2511369}
		{C1B1430A-BB44-4977-BEF9-6B53D2DBDB5D} = {39DBA25C-B698-409C-B66D-711E9866954B}
		{A17EC7AD-5BF2-4B30-8CA1-2A5A1FC77A41} = {CD65DF62-B56C-42C1-8F02-D79DA2DC0960}
		{040A9A8F-8145-494F-B3E4-29FA94D3F133} = {CD65DF62-B56C-42C1-8F02-D79DA2DC0960}
	EndGlobalSection
	GlobalSection(ExtensibilityGlobals) = postSolution
		SolutionGuid = {690256FA-5E93-4058-86AE-99F6F7D4439A}
	EndGlobalSection
EndGlobal
