
Microsoft Visual Studio Solution File, Format Version 12.00
# Visual Studio Version 16
VisualStudioVersion = 16.0.28803.202
MinimumVisualStudioVersion = 10.0.40219.1
Project("{FAE04EC0-301F-11D3-BF4B-00C04F79EFBC}") = "1.11. AVERAGE STRING LENGTH", "1.11. AVERAGE STRING LENGTH\1.11. AVERAGE STRING LENGTH.csproj", "{34622F1B-2BEB-49FC-A9B9-C6DFF437F015}"
EndProject
Global
	GlobalSection(SolutionConfigurationPlatforms) = preSolution
		Debug|Any CPU = Debug|Any CPU
		Release|Any CPU = Release|Any CPU
	EndGlobalSection
	GlobalSection(ProjectConfigurationPlatforms) = postSolution
		{34622F1B-2BEB-49FC-A9B9-C6DFF437F015}.Debug|Any CPU.ActiveCfg = Debug|Any CPU
		{34622F1B-2BEB-49FC-A9B9-C6DFF437F015}.Debug|Any CPU.Build.0 = Debug|Any CPU
		{34622F1B-2BEB-49FC-A9B9-C6DFF437F015}.Release|Any CPU.ActiveCfg = Release|Any CPU
		{34622F1B-2BEB-49FC-A9B9-C6DFF437F015}.Release|Any CPU.Build.0 = Release|Any CPU
	EndGlobalSection
	GlobalSection(SolutionProperties) = preSolution
		HideSolutionNode = FALSE
	EndGlobalSection
	GlobalSection(ExtensibilityGlobals) = postSolution
		SolutionGuid = {82EBA99B-41E1-4E11-8798-7AC8915BA960}
	EndGlobalSection
EndGlobal
