
Microsoft Visual Studio Solution File, Format Version 12.00
# Visual Studio Version 16
VisualStudioVersion = 16.0.28803.202
MinimumVisualStudioVersion = 10.0.40219.1
Project("{FAE04EC0-301F-11D3-BF4B-00C04F79EFBC}") = "PersonalBlog", "PersonalBlog\PersonalBlog.csproj", "{A66E1695-F7E5-40D7-944D-C12876F8E40A}"
EndProject
Project("{2150E333-8FDC-42A3-9474-1A3956D46DE8}") = "PL", "PL", "{F8E3AA39-7AAB-4AAA-8CCE-FE800293F7E3}"
EndProject
Project("{2150E333-8FDC-42A3-9474-1A3956D46DE8}") = "BLL", "BLL", "{84F79344-407E-4494-A53B-B6A1CE975BB8}"
EndProject
Project("{2150E333-8FDC-42A3-9474-1A3956D46DE8}") = "DAL", "DAL", "{8F022561-1AF7-48E3-98DB-142614195763}"
EndProject
Project("{2150E333-8FDC-42A3-9474-1A3956D46DE8}") = "Common", "Common", "{91480B44-D5FD-4D12-840E-83AB3BC48665}"
EndProject
Project("{FAE04EC0-301F-11D3-BF4B-00C04F79EFBC}") = "BLOG.BLL.Interfaces", "BLOG.BLL.Interfaces\BLOG.BLL.Interfaces.csproj", "{03C303DE-7D8A-4599-9F43-1BE4ABFA77CC}"
EndProject
Project("{FAE04EC0-301F-11D3-BF4B-00C04F79EFBC}") = "BLOG.Common", "BLOG.Common\BLOG.Common.csproj", "{E5EA87F8-6125-40BB-AD42-E959E15C73C9}"
EndProject
Project("{FAE04EC0-301F-11D3-BF4B-00C04F79EFBC}") = "BLOG.Entities", "BLOG.Entities\BLOG.Entities.csproj", "{44ADFBC2-8683-40E7-A074-2FE1754EB931}"
EndProject
Project("{FAE04EC0-301F-11D3-BF4B-00C04F79EFBC}") = "BLOG.DBDAL", "BLOG.DBDAL\BLOG.DBDAL.csproj", "{D9F25089-C064-4A28-87DD-587E260AD21B}"
EndProject
Project("{FAE04EC0-301F-11D3-BF4B-00C04F79EFBC}") = "BLOG.DAL.Interfaces", "BLOG.DAL.Interfaces\BLOG.DAL.Interfaces.csproj", "{AD4B2B97-4385-45D1-AF76-4B8312A52AA0}"
EndProject
Project("{FAE04EC0-301F-11D3-BF4B-00C04F79EFBC}") = "BLOG.BLL", "BLOG.BLL\BLOG.BLL.csproj", "{757CF2A1-CAF2-4DE3-B2FA-35445D75319C}"
EndProject
Project("{FAE04EC0-301F-11D3-BF4B-00C04F79EFBC}") = "BLOG.PL.Interfaces", "BLOG.PL.Interfaces\BLOG.PL.Interfaces.csproj", "{D690ED15-A115-4B4A-800B-BAE384FB5EA3}"
EndProject
Global
	GlobalSection(SolutionConfigurationPlatforms) = preSolution
		Debug|Any CPU = Debug|Any CPU
		Release|Any CPU = Release|Any CPU
	EndGlobalSection
	GlobalSection(ProjectConfigurationPlatforms) = postSolution
		{A66E1695-F7E5-40D7-944D-C12876F8E40A}.Debug|Any CPU.ActiveCfg = Debug|Any CPU
		{A66E1695-F7E5-40D7-944D-C12876F8E40A}.Debug|Any CPU.Build.0 = Debug|Any CPU
		{A66E1695-F7E5-40D7-944D-C12876F8E40A}.Release|Any CPU.ActiveCfg = Release|Any CPU
		{A66E1695-F7E5-40D7-944D-C12876F8E40A}.Release|Any CPU.Build.0 = Release|Any CPU
		{03C303DE-7D8A-4599-9F43-1BE4ABFA77CC}.Debug|Any CPU.ActiveCfg = Debug|Any CPU
		{03C303DE-7D8A-4599-9F43-1BE4ABFA77CC}.Debug|Any CPU.Build.0 = Debug|Any CPU
		{03C303DE-7D8A-4599-9F43-1BE4ABFA77CC}.Release|Any CPU.ActiveCfg = Release|Any CPU
		{03C303DE-7D8A-4599-9F43-1BE4ABFA77CC}.Release|Any CPU.Build.0 = Release|Any CPU
		{E5EA87F8-6125-40BB-AD42-E959E15C73C9}.Debug|Any CPU.ActiveCfg = Debug|Any CPU
		{E5EA87F8-6125-40BB-AD42-E959E15C73C9}.Debug|Any CPU.Build.0 = Debug|Any CPU
		{E5EA87F8-6125-40BB-AD42-E959E15C73C9}.Release|Any CPU.ActiveCfg = Release|Any CPU
		{E5EA87F8-6125-40BB-AD42-E959E15C73C9}.Release|Any CPU.Build.0 = Release|Any CPU
		{44ADFBC2-8683-40E7-A074-2FE1754EB931}.Debug|Any CPU.ActiveCfg = Debug|Any CPU
		{44ADFBC2-8683-40E7-A074-2FE1754EB931}.Debug|Any CPU.Build.0 = Debug|Any CPU
		{44ADFBC2-8683-40E7-A074-2FE1754EB931}.Release|Any CPU.ActiveCfg = Release|Any CPU
		{44ADFBC2-8683-40E7-A074-2FE1754EB931}.Release|Any CPU.Build.0 = Release|Any CPU
		{D9F25089-C064-4A28-87DD-587E260AD21B}.Debug|Any CPU.ActiveCfg = Debug|Any CPU
		{D9F25089-C064-4A28-87DD-587E260AD21B}.Debug|Any CPU.Build.0 = Debug|Any CPU
		{D9F25089-C064-4A28-87DD-587E260AD21B}.Release|Any CPU.ActiveCfg = Release|Any CPU
		{D9F25089-C064-4A28-87DD-587E260AD21B}.Release|Any CPU.Build.0 = Release|Any CPU
		{AD4B2B97-4385-45D1-AF76-4B8312A52AA0}.Debug|Any CPU.ActiveCfg = Debug|Any CPU
		{AD4B2B97-4385-45D1-AF76-4B8312A52AA0}.Debug|Any CPU.Build.0 = Debug|Any CPU
		{AD4B2B97-4385-45D1-AF76-4B8312A52AA0}.Release|Any CPU.ActiveCfg = Release|Any CPU
		{AD4B2B97-4385-45D1-AF76-4B8312A52AA0}.Release|Any CPU.Build.0 = Release|Any CPU
		{757CF2A1-CAF2-4DE3-B2FA-35445D75319C}.Debug|Any CPU.ActiveCfg = Debug|Any CPU
		{757CF2A1-CAF2-4DE3-B2FA-35445D75319C}.Debug|Any CPU.Build.0 = Debug|Any CPU
		{757CF2A1-CAF2-4DE3-B2FA-35445D75319C}.Release|Any CPU.ActiveCfg = Release|Any CPU
		{757CF2A1-CAF2-4DE3-B2FA-35445D75319C}.Release|Any CPU.Build.0 = Release|Any CPU
		{D690ED15-A115-4B4A-800B-BAE384FB5EA3}.Debug|Any CPU.ActiveCfg = Debug|Any CPU
		{D690ED15-A115-4B4A-800B-BAE384FB5EA3}.Debug|Any CPU.Build.0 = Debug|Any CPU
		{D690ED15-A115-4B4A-800B-BAE384FB5EA3}.Release|Any CPU.ActiveCfg = Release|Any CPU
		{D690ED15-A115-4B4A-800B-BAE384FB5EA3}.Release|Any CPU.Build.0 = Release|Any CPU
	EndGlobalSection
	GlobalSection(SolutionProperties) = preSolution
		HideSolutionNode = FALSE
	EndGlobalSection
	GlobalSection(NestedProjects) = preSolution
		{A66E1695-F7E5-40D7-944D-C12876F8E40A} = {F8E3AA39-7AAB-4AAA-8CCE-FE800293F7E3}
		{03C303DE-7D8A-4599-9F43-1BE4ABFA77CC} = {84F79344-407E-4494-A53B-B6A1CE975BB8}
		{E5EA87F8-6125-40BB-AD42-E959E15C73C9} = {91480B44-D5FD-4D12-840E-83AB3BC48665}
		{44ADFBC2-8683-40E7-A074-2FE1754EB931} = {91480B44-D5FD-4D12-840E-83AB3BC48665}
		{D9F25089-C064-4A28-87DD-587E260AD21B} = {8F022561-1AF7-48E3-98DB-142614195763}
		{AD4B2B97-4385-45D1-AF76-4B8312A52AA0} = {8F022561-1AF7-48E3-98DB-142614195763}
		{757CF2A1-CAF2-4DE3-B2FA-35445D75319C} = {84F79344-407E-4494-A53B-B6A1CE975BB8}
		{D690ED15-A115-4B4A-800B-BAE384FB5EA3} = {F8E3AA39-7AAB-4AAA-8CCE-FE800293F7E3}
	EndGlobalSection
	GlobalSection(ExtensibilityGlobals) = postSolution
		SolutionGuid = {C95DB0C3-83B1-41E8-A410-94FBFDD496C2}
	EndGlobalSection
EndGlobal
