
Microsoft Visual Studio Solution File, Format Version 12.00
# Visual Studio Version 16
VisualStudioVersion = 16.0.28803.202
MinimumVisualStudioVersion = 10.0.40219.1
Project("{FAE04EC0-301F-11D3-BF4B-00C04F79EFBC}") = "SEQUENCE", "SEQUENCE\SEQUENCE.csproj", "{F4FC4355-9B34-448E-9A8B-6678B9EE8597}"
EndProject
Global
	GlobalSection(SolutionConfigurationPlatforms) = preSolution
		Debug|Any CPU = Debug|Any CPU
		Release|Any CPU = Release|Any CPU
	EndGlobalSection
	GlobalSection(ProjectConfigurationPlatforms) = postSolution
		{F4FC4355-9B34-448E-9A8B-6678B9EE8597}.Debug|Any CPU.ActiveCfg = Debug|Any CPU
		{F4FC4355-9B34-448E-9A8B-6678B9EE8597}.Debug|Any CPU.Build.0 = Debug|Any CPU
		{F4FC4355-9B34-448E-9A8B-6678B9EE8597}.Release|Any CPU.ActiveCfg = Release|Any CPU
		{F4FC4355-9B34-448E-9A8B-6678B9EE8597}.Release|Any CPU.Build.0 = Release|Any CPU
	EndGlobalSection
	GlobalSection(SolutionProperties) = preSolution
		HideSolutionNode = FALSE
	EndGlobalSection
	GlobalSection(ExtensibilityGlobals) = postSolution
		SolutionGuid = {CC6794C9-786C-4F6A-BF71-5BC192605401}
	EndGlobalSection
EndGlobal
